
Microsoft Visual Studio Solution File, Format Version 12.00
# Visual Studio Version 17
VisualStudioVersion = 17.9.34701.34
MinimumVisualStudioVersion = 10.0.40219.1
Project("{FAE04EC0-301F-11D3-BF4B-00C04F79EFBC}") = "CSBasic", "CSBasic\CSBasic.csproj", "{10EBEF62-FD18-4C0C-80A8-5A45B4BE0BBC}"
EndProject
Global
	GlobalSection(SolutionConfigurationPlatforms) = preSolution
		Debug|Any CPU = Debug|Any CPU
		Release|Any CPU = Release|Any CPU
	EndGlobalSection
	GlobalSection(ProjectConfigurationPlatforms) = postSolution
		{10EBEF62-FD18-4C0C-80A8-5A45B4BE0BBC}.Debug|Any CPU.ActiveCfg = Debug|Any CPU
		{10EBEF62-FD18-4C0C-80A8-5A45B4BE0BBC}.Debug|Any CPU.Build.0 = Debug|Any CPU
		{10EBEF62-FD18-4C0C-80A8-5A45B4BE0BBC}.Release|Any CPU.ActiveCfg = Release|Any CPU
		{10EBEF62-FD18-4C0C-80A8-5A45B4BE0BBC}.Release|Any CPU.Build.0 = Release|Any CPU
	EndGlobalSection
	GlobalSection(SolutionProperties) = preSolution
		HideSolutionNode = FALSE
	EndGlobalSection
	GlobalSection(ExtensibilityGlobals) = postSolution
		SolutionGuid = {2AB9D5EE-09E6-49A6-8BC6-37723D88C0EE}
	EndGlobalSection
EndGlobal
